
Microsoft Visual Studio Solution File, Format Version 12.00
# Visual Studio 15
VisualStudioVersion = 15.0.28307.136
MinimumVisualStudioVersion = 10.0.40219.1
Project("{FAE04EC0-301F-11D3-BF4B-00C04F79EFBC}") = "Infrastructure", "Infrastructure\Infrastructure.csproj", "{28DE4483-4ED8-4B8E-A262-A460C923E92E}"
EndProject
Project("{FAE04EC0-301F-11D3-BF4B-00C04F79EFBC}") = "ApplicationCore", "ApplicationCore\ApplicationCore.csproj", "{C70B1359-6D6B-4F9E-85BA-516830D79E0B}"
EndProject
Project("{FAE04EC0-301F-11D3-BF4B-00C04F79EFBC}") = "WebCore", "WebCore\WebCore.csproj", "{FA140704-A6A6-400C-898A-AEF25D3E1028}"
EndProject
Global
	GlobalSection(SolutionConfigurationPlatforms) = preSolution
		Debug|Any CPU = Debug|Any CPU
		Release|Any CPU = Release|Any CPU
	EndGlobalSection
	GlobalSection(ProjectConfigurationPlatforms) = postSolution
		{28DE4483-4ED8-4B8E-A262-A460C923E92E}.Debug|Any CPU.ActiveCfg = Debug|Any CPU
		{28DE4483-4ED8-4B8E-A262-A460C923E92E}.Debug|Any CPU.Build.0 = Debug|Any CPU
		{28DE4483-4ED8-4B8E-A262-A460C923E92E}.Release|Any CPU.ActiveCfg = Release|Any CPU
		{28DE4483-4ED8-4B8E-A262-A460C923E92E}.Release|Any CPU.Build.0 = Release|Any CPU
		{C70B1359-6D6B-4F9E-85BA-516830D79E0B}.Debug|Any CPU.ActiveCfg = Debug|Any CPU
		{C70B1359-6D6B-4F9E-85BA-516830D79E0B}.Debug|Any CPU.Build.0 = Debug|Any CPU
		{C70B1359-6D6B-4F9E-85BA-516830D79E0B}.Release|Any CPU.ActiveCfg = Release|Any CPU
		{C70B1359-6D6B-4F9E-85BA-516830D79E0B}.Release|Any CPU.Build.0 = Release|Any CPU
		{FA140704-A6A6-400C-898A-AEF25D3E1028}.Debug|Any CPU.ActiveCfg = Debug|Any CPU
		{FA140704-A6A6-400C-898A-AEF25D3E1028}.Debug|Any CPU.Build.0 = Debug|Any CPU
		{FA140704-A6A6-400C-898A-AEF25D3E1028}.Release|Any CPU.ActiveCfg = Release|Any CPU
		{FA140704-A6A6-400C-898A-AEF25D3E1028}.Release|Any CPU.Build.0 = Release|Any CPU
	EndGlobalSection
	GlobalSection(SolutionProperties) = preSolution
		HideSolutionNode = FALSE
	EndGlobalSection
	GlobalSection(ExtensibilityGlobals) = postSolution
		SolutionGuid = {83823B75-6A62-4712-9876-A551C44563D7}
	EndGlobalSection
EndGlobal
